
Microsoft Visual Studio Solution File, Format Version 12.00
# Visual Studio Version 17
VisualStudioVersion = 17.0.32002.185
MinimumVisualStudioVersion = 10.0.40219.1
Project("{FAE04EC0-301F-11D3-BF4B-00C04F79EFBC}") = "Frontend", "Frontend\Frontend.csproj", "{85FBA563-FA9F-4F7B-A671-CB296E9AC647}"
EndProject
Project("{FAE04EC0-301F-11D3-BF4B-00C04F79EFBC}") = "Backend", "Backend\Backend.csproj", "{C1BFD392-7818-495F-A1FC-D9A335DD13AC}"
EndProject
Global
	GlobalSection(SolutionConfigurationPlatforms) = preSolution
		Debug|Any CPU = Debug|Any CPU
		Release|Any CPU = Release|Any CPU
	EndGlobalSection
	GlobalSection(ProjectConfigurationPlatforms) = postSolution
		{85FBA563-FA9F-4F7B-A671-CB296E9AC647}.Debug|Any CPU.ActiveCfg = Debug|Any CPU
		{85FBA563-FA9F-4F7B-A671-CB296E9AC647}.Debug|Any CPU.Build.0 = Debug|Any CPU
		{85FBA563-FA9F-4F7B-A671-CB296E9AC647}.Release|Any CPU.ActiveCfg = Release|Any CPU
		{85FBA563-FA9F-4F7B-A671-CB296E9AC647}.Release|Any CPU.Build.0 = Release|Any CPU
		{C1BFD392-7818-495F-A1FC-D9A335DD13AC}.Debug|Any CPU.ActiveCfg = Debug|Any CPU
		{C1BFD392-7818-495F-A1FC-D9A335DD13AC}.Debug|Any CPU.Build.0 = Debug|Any CPU
		{C1BFD392-7818-495F-A1FC-D9A335DD13AC}.Release|Any CPU.ActiveCfg = Release|Any CPU
		{C1BFD392-7818-495F-A1FC-D9A335DD13AC}.Release|Any CPU.Build.0 = Release|Any CPU
	EndGlobalSection
	GlobalSection(SolutionProperties) = preSolution
		HideSolutionNode = FALSE
	EndGlobalSection
	GlobalSection(ExtensibilityGlobals) = postSolution
		SolutionGuid = {AC6B25D6-B4F8-4D34-94E7-14D2E3E39394}
	EndGlobalSection
EndGlobal
